// !$*UTF8*$!
{
	archiveVersion = 1;
	classes = {
	};
	objectVersion = 55;
	objects = {

/* Begin PBXBuildFile section */
		A82AE2A927A037C000446E17 /* AppDelegate.swift in Sources */ = {isa = PBXBuildFile; fileRef = A82AE2A827A037C000446E17 /* AppDelegate.swift */; };
		A82AE2AB27A037C000446E17 /* SceneDelegate.swift in Sources */ = {isa = PBXBuildFile; fileRef = A82AE2AA27A037C000446E17 /* SceneDelegate.swift */; };
		A82AE2AD27A037C000446E17 /* ViewController.swift in Sources */ = {isa = PBXBuildFile; fileRef = A82AE2AC27A037C000446E17 /* ViewController.swift */; };
		A82AE2B027A037C000446E17 /* Main.storyboard in Resources */ = {isa = PBXBuildFile; fileRef = A82AE2AE27A037C000446E17 /* Main.storyboard */; };
		A82AE2B227A037C100446E17 /* Assets.xcassets in Resources */ = {isa = PBXBuildFile; fileRef = A82AE2B127A037C100446E17 /* Assets.xcassets */; };
		A82AE2B527A037C100446E17 /* LaunchScreen.storyboard in Resources */ = {isa = PBXBuildFile; fileRef = A82AE2B327A037C100446E17 /* LaunchScreen.storyboard */; };
		A82AE2C727A039F500446E17 /* nssl0049.jpg in Resources */ = {isa = PBXBuildFile; fileRef = A82AE2BD27A039F500446E17 /* nssl0049.jpg */; };
		A82AE2C827A039F500446E17 /* nssl0046.jpg in Resources */ = {isa = PBXBuildFile; fileRef = A82AE2BE27A039F500446E17 /* nssl0046.jpg */; };
		A82AE2C927A039F500446E17 /* nssl0091.jpg in Resources */ = {isa = PBXBuildFile; fileRef = A82AE2BF27A039F500446E17 /* nssl0091.jpg */; };
		A82AE2CA27A039F500446E17 /* nssl0045.jpg in Resources */ = {isa = PBXBuildFile; fileRef = A82AE2C027A039F500446E17 /* nssl0045.jpg */; };
		A82AE2CB27A039F500446E17 /* nssl0051.jpg in Resources */ = {isa = PBXBuildFile; fileRef = A82AE2C127A039F500446E17 /* nssl0051.jpg */; };
		A82AE2CC27A039F500446E17 /* nssl0041.jpg in Resources */ = {isa = PBXBuildFile; fileRef = A82AE2C227A039F500446E17 /* nssl0041.jpg */; };
		A82AE2CD27A039F500446E17 /* nssl0042.jpg in Resources */ = {isa = PBXBuildFile; fileRef = A82AE2C327A039F500446E17 /* nssl0042.jpg */; };
		A82AE2CE27A039F500446E17 /* nssl0043.jpg in Resources */ = {isa = PBXBuildFile; fileRef = A82AE2C427A039F500446E17 /* nssl0043.jpg */; };
		A82AE2CF27A039F500446E17 /* nssl0033.jpg in Resources */ = {isa = PBXBuildFile; fileRef = A82AE2C527A039F500446E17 /* nssl0033.jpg */; };
		A82AE2D027A039F500446E17 /* nssl0034.jpg in Resources */ = {isa = PBXBuildFile; fileRef = A82AE2C627A039F500446E17 /* nssl0034.jpg */; };
		A82AE2D227A043A700446E17 /* DetailViewController.swift in Sources */ = {isa = PBXBuildFile; fileRef = A82AE2D127A043A700446E17 /* DetailViewController.swift */; };
/* End PBXBuildFile section */

/* Begin PBXFileReference section */
		A82AE2A527A037C000446E17 /* Project1.app */ = {isa = PBXFileReference; explicitFileType = wrapper.application; includeInIndex = 0; path = Project1.app; sourceTree = BUILT_PRODUCTS_DIR; };
		A82AE2A827A037C000446E17 /* AppDelegate.swift */ = {isa = PBXFileReference; lastKnownFileType = sourcecode.swift; path = AppDelegate.swift; sourceTree = "<group>"; };
		A82AE2AA27A037C000446E17 /* SceneDelegate.swift */ = {isa = PBXFileReference; lastKnownFileType = sourcecode.swift; path = SceneDelegate.swift; sourceTree = "<group>"; };
		A82AE2AC27A037C000446E17 /* ViewController.swift */ = {isa = PBXFileReference; lastKnownFileType = sourcecode.swift; path = ViewController.swift; sourceTree = "<group>"; };
		A82AE2AF27A037C000446E17 /* Base */ = {isa = PBXFileReference; lastKnownFileType = file.storyboard; name = Base; path = Base.lproj/Main.storyboard; sourceTree = "<group>"; };
		A82AE2B127A037C100446E17 /* Assets.xcassets */ = {isa = PBXFileReference; lastKnownFileType = folder.assetcatalog; path = Assets.xcassets; sourceTree = "<group>"; };
		A82AE2B427A037C100446E17 /* Base */ = {isa = PBXFileReference; lastKnownFileType = file.storyboard; name = Base; path = Base.lproj/LaunchScreen.storyboard; sourceTree = "<group>"; };
		A82AE2B627A037C100446E17 /* Info.plist */ = {isa = PBXFileReference; lastKnownFileType = text.plist.xml; path = Info.plist; sourceTree = "<group>"; };
		A82AE2BD27A039F500446E17 /* nssl0049.jpg */ = {isa = PBXFileReference; lastKnownFileType = image.jpeg; path = nssl0049.jpg; sourceTree = "<group>"; };
		A82AE2BE27A039F500446E17 /* nssl0046.jpg */ = {isa = PBXFileReference; lastKnownFileType = image.jpeg; path = nssl0046.jpg; sourceTree = "<group>"; };
		A82AE2BF27A039F500446E17 /* nssl0091.jpg */ = {isa = PBXFileReference; lastKnownFileType = image.jpeg; path = nssl0091.jpg; sourceTree = "<group>"; };
		A82AE2C027A039F500446E17 /* nssl0045.jpg */ = {isa = PBXFileReference; lastKnownFileType = image.jpeg; path = nssl0045.jpg; sourceTree = "<group>"; };
		A82AE2C127A039F500446E17 /* nssl0051.jpg */ = {isa = PBXFileReference; lastKnownFileType = image.jpeg; path = nssl0051.jpg; sourceTree = "<group>"; };
		A82AE2C227A039F500446E17 /* nssl0041.jpg */ = {isa = PBXFileReference; lastKnownFileType = image.jpeg; path = nssl0041.jpg; sourceTree = "<group>"; };
		A82AE2C327A039F500446E17 /* nssl0042.jpg */ = {isa = PBXFileReference; lastKnownFileType = image.jpeg; path = nssl0042.jpg; sourceTree = "<group>"; };
		A82AE2C427A039F500446E17 /* nssl0043.jpg */ = {isa = PBXFileReference; lastKnownFileType = image.jpeg; path = nssl0043.jpg; sourceTree = "<group>"; };
		A82AE2C527A039F500446E17 /* nssl0033.jpg */ = {isa = PBXFileReference; lastKnownFileType = image.jpeg; path = nssl0033.jpg; sourceTree = "<group>"; };
		A82AE2C627A039F500446E17 /* nssl0034.jpg */ = {isa = PBXFileReference; lastKnownFileType = image.jpeg; path = nssl0034.jpg; sourceTree = "<group>"; };
		A82AE2D127A043A700446E17 /* DetailViewController.swift */ = {isa = PBXFileReference; lastKnownFileType = sourcecode.swift; path = DetailViewController.swift; sourceTree = "<group>"; };
/* End PBXFileReference section */

/* Begin PBXFrameworksBuildPhase section */
		A82AE2A227A037C000446E17 /* Frameworks */ = {
			isa = PBXFrameworksBuildPhase;
			buildActionMask = 2147483647;
			files = (
			);
			runOnlyForDeploymentPostprocessing = 0;
		};
/* End PBXFrameworksBuildPhase section */

/* Begin PBXGroup section */
		A82AE29C27A037C000446E17 = {
			isa = PBXGroup;
			children = (
				A82AE2A727A037C000446E17 /* Project1 */,
				A82AE2A627A037C000446E17 /* Products */,
			);
			sourceTree = "<group>";
		};
		A82AE2A627A037C000446E17 /* Products */ = {
			isa = PBXGroup;
			children = (
				A82AE2A527A037C000446E17 /* Project1.app */,
			);
			name = Products;
			sourceTree = "<group>";
		};
		A82AE2A727A037C000446E17 /* Project1 */ = {
			isa = PBXGroup;
			children = (
				A82AE2A827A037C000446E17 /* AppDelegate.swift */,
				A82AE2AA27A037C000446E17 /* SceneDelegate.swift */,
				A82AE2AC27A037C000446E17 /* ViewController.swift */,
				A82AE2D127A043A700446E17 /* DetailViewController.swift */,
				A82AE2AE27A037C000446E17 /* Main.storyboard */,
				A82AE2B127A037C100446E17 /* Assets.xcassets */,
				A82AE2B327A037C100446E17 /* LaunchScreen.storyboard */,
				A82AE2B627A037C100446E17 /* Info.plist */,
				A82AE2BC27A039F500446E17 /* Content */,
			);
			path = Project1;
			sourceTree = "<group>";
		};
		A82AE2BC27A039F500446E17 /* Content */ = {
			isa = PBXGroup;
			children = (
				A82AE2BD27A039F500446E17 /* nssl0049.jpg */,
				A82AE2BE27A039F500446E17 /* nssl0046.jpg */,
				A82AE2BF27A039F500446E17 /* nssl0091.jpg */,
				A82AE2C027A039F500446E17 /* nssl0045.jpg */,
				A82AE2C127A039F500446E17 /* nssl0051.jpg */,
				A82AE2C227A039F500446E17 /* nssl0041.jpg */,
				A82AE2C327A039F500446E17 /* nssl0042.jpg */,
				A82AE2C427A039F500446E17 /* nssl0043.jpg */,
				A82AE2C527A039F500446E17 /* nssl0033.jpg */,
				A82AE2C627A039F500446E17 /* nssl0034.jpg */,
			);
			path = Content;
			sourceTree = "<group>";
		};
/* End PBXGroup section */

/* Begin PBXNativeTarget section */
		A82AE2A427A037C000446E17 /* Project1 */ = {
			isa = PBXNativeTarget;
			buildConfigurationList = A82AE2B927A037C100446E17 /* Build configuration list for PBXNativeTarget "Project1" */;
			buildPhases = (
				A82AE2A127A037C000446E17 /* Sources */,
				A82AE2A227A037C000446E17 /* Frameworks */,
				A82AE2A327A037C000446E17 /* Resources */,
			);
			buildRules = (
			);
			dependencies = (
			);
			name = Project1;
			productName = Project1;
			productReference = A82AE2A527A037C000446E17 /* Project1.app */;
			productType = "com.apple.product-type.application";
		};
/* End PBXNativeTarget section */

/* Begin PBXProject section */
		A82AE29D27A037C000446E17 /* Project object */ = {
			isa = PBXProject;
			attributes = {
				BuildIndependentTargetsInParallel = 1;
				LastSwiftUpdateCheck = 1320;
				LastUpgradeCheck = 1320;
				TargetAttributes = {
					A82AE2A427A037C000446E17 = {
						CreatedOnToolsVersion = 13.2.1;
					};
				};
			};
			buildConfigurationList = A82AE2A027A037C000446E17 /* Build configuration list for PBXProject "Project1" */;
			compatibilityVersion = "Xcode 13.0";
			developmentRegion = en;
			hasScannedForEncodings = 0;
			knownRegions = (
				en,
				Base,
			);
			mainGroup = A82AE29C27A037C000446E17;
			productRefGroup = A82AE2A627A037C000446E17 /* Products */;
			projectDirPath = "";
			projectRoot = "";
			targets = (
				A82AE2A427A037C000446E17 /* Project1 */,
			);
		};
/* End PBXProject section */

/* Begin PBXResourcesBuildPhase section */
		A82AE2A327A037C000446E17 /* Resources */ = {
			isa = PBXResourcesBuildPhase;
			buildActionMask = 2147483647;
			files = (
				A82AE2C827A039F500446E17 /* nssl0046.jpg in Resources */,
				A82AE2CF27A039F500446E17 /* nssl0033.jpg in Resources */,
				A82AE2CB27A039F500446E17 /* nssl0051.jpg in Resources */,
				A82AE2C927A039F500446E17 /* nssl0091.jpg in Resources */,
				A82AE2CE27A039F500446E17 /* nssl0043.jpg in Resources */,
				A82AE2D027A039F500446E17 /* nssl0034.jpg in Resources */,
				A82AE2C727A039F500446E17 /* nssl0049.jpg in Resources */,
				A82AE2CC27A039F500446E17 /* nssl0041.jpg in Resources */,
				A82AE2CD27A039F500446E17 /* nssl0042.jpg in Resources */,
				A82AE2B527A037C100446E17 /* LaunchScreen.storyboard in Resources */,
				A82AE2B227A037C100446E17 /* Assets.xcassets in Resources */,
				A82AE2CA27A039F500446E17 /* nssl0045.jpg in Resources */,
				A82AE2B027A037C000446E17 /* Main.storyboard in Resources */,
			);
			runOnlyForDeploymentPostprocessing = 0;
		};
/* End PBXResourcesBuildPhase section */

/* Begin PBXSourcesBuildPhase section */
		A82AE2A127A037C000446E17 /* Sources */ = {
			isa = PBXSourcesBuildPhase;
			buildActionMask = 2147483647;
			files = (
				A82AE2AD27A037C000446E17 /* ViewController.swift in Sources */,
				A82AE2A927A037C000446E17 /* AppDelegate.swift in Sources */,
				A82AE2AB27A037C000446E17 /* SceneDelegate.swift in Sources */,
				A82AE2D227A043A700446E17 /* DetailViewController.swift in Sources */,
			);
			runOnlyForDeploymentPostprocessing = 0;
		};
/* End PBXSourcesBuildPhase section */

/* Begin PBXVariantGroup section */
		A82AE2AE27A037C000446E17 /* Main.storyboard */ = {
			isa = PBXVariantGroup;
			children = (
				A82AE2AF27A037C000446E17 /* Base */,
			);
			name = Main.storyboard;
			sourceTree = "<group>";
		};
		A82AE2B327A037C100446E17 /* LaunchScreen.storyboard */ = {
			isa = PBXVariantGroup;
			children = (
				A82AE2B427A037C100446E17 /* Base */,
			);
			name = LaunchScreen.storyboard;
			sourceTree = "<group>";
		};
/* End PBXVariantGroup section */

/* Begin XCBuildConfiguration section */
		A82AE2B727A037C100446E17 /* Debug */ = {
			isa = XCBuildConfiguration;
			buildSettings = {
				ALWAYS_SEARCH_USER_PATHS = NO;
				CLANG_ANALYZER_NONNULL = YES;
				CLANG_ANALYZER_NUMBER_OBJECT_CONVERSION = YES_AGGRESSIVE;
				CLANG_CXX_LANGUAGE_STANDARD = "gnu++17";
				CLANG_CXX_LIBRARY = "libc++";
				CLANG_ENABLE_MODULES = YES;
				CLANG_ENABLE_OBJC_ARC = YES;
				CLANG_ENABLE_OBJC_WEAK = YES;
				CLANG_WARN_BLOCK_CAPTURE_AUTORELEASING = YES;
				CLANG_WARN_BOOL_CONVERSION = YES;
				CLANG_WARN_COMMA = YES;
				CLANG_WARN_CONSTANT_CONVERSION = YES;
				CLANG_WARN_DEPRECATED_OBJC_IMPLEMENTATIONS = YES;
				CLANG_WARN_DIRECT_OBJC_ISA_USAGE = YES_ERROR;
				CLANG_WARN_DOCUMENTATION_COMMENTS = YES;
				CLANG_WARN_EMPTY_BODY = YES;
				CLANG_WARN_ENUM_CONVERSION = YES;
				CLANG_WARN_INFINITE_RECURSION = YES;
				CLANG_WARN_INT_CONVERSION = YES;
				CLANG_WARN_NON_LITERAL_NULL_CONVERSION = YES;
				CLANG_WARN_OBJC_IMPLICIT_RETAIN_SELF = YES;
				CLANG_WARN_OBJC_LITERAL_CONVERSION = YES;
				CLANG_WARN_OBJC_ROOT_CLASS = YES_ERROR;
				CLANG_WARN_QUOTED_INCLUDE_IN_FRAMEWORK_HEADER = YES;
				CLANG_WARN_RANGE_LOOP_ANALYSIS = YES;
				CLANG_WARN_STRICT_PROTOTYPES = YES;
				CLANG_WARN_SUSPICIOUS_MOVE = YES;
				CLANG_WARN_UNGUARDED_AVAILABILITY = YES_AGGRESSIVE;
				CLANG_WARN_UNREACHABLE_CODE = YES;
				CLANG_WARN__DUPLICATE_METHOD_MATCH = YES;
				COPY_PHASE_STRIP = NO;
				DEBUG_INFORMATION_FORMAT = dwarf;
				ENABLE_STRICT_OBJC_MSGSEND = YES;
				ENABLE_TESTABILITY = YES;
				GCC_C_LANGUAGE_STANDARD = gnu11;
				GCC_DYNAMIC_NO_PIC = NO;
				GCC_NO_COMMON_BLOCKS = YES;
				GCC_OPTIMIZATION_LEVEL = 0;
				GCC_PREPROCESSOR_DEFINITIONS = (
					"DEBUG=1",
					"$(inherited)",
				);
				GCC_WARN_64_TO_32_BIT_CONVERSION = YES;
				GCC_WARN_ABOUT_RETURN_TYPE = YES_ERROR;
				GCC_WARN_UNDECLARED_SELECTOR = YES;
				GCC_WARN_UNINITIALIZED_AUTOS = YES_AGGRESSIVE;
				GCC_WARN_UNUSED_FUNCTION = YES;
				GCC_WARN_UNUSED_VARIABLE = YES;
				IPHONEOS_DEPLOYMENT_TARGET = 15.2;
				MTL_ENABLE_DEBUG_INFO = INCLUDE_SOURCE;
				MTL_FAST_MATH = YES;
				ONLY_ACTIVE_ARCH = YES;
				SDKROOT = iphoneos;
				SWIFT_ACTIVE_COMPILATION_CONDITIONS = DEBUG;
				SWIFT_OPTIMIZATION_LEVEL = "-Onone";
			};
			name = Debug;
		};
		A82AE2B827A037C100446E17 /* Release */ = {
			isa = XCBuildConfiguration;
			buildSettings = {
				ALWAYS_SEARCH_USER_PATHS = NO;
				CLANG_ANALYZER_NONNULL = YES;
				CLANG_ANALYZER_NUMBER_OBJECT_CONVERSION = YES_AGGRESSIVE;
				CLANG_CXX_LANGUAGE_STANDARD = "gnu++17";
				CLANG_CXX_LIBRARY = "libc++";
				CLANG_ENABLE_MODULES = YES;
				CLANG_ENABLE_OBJC_ARC = YES;
				CLANG_ENABLE_OBJC_WEAK = YES;
				CLANG_WARN_BLOCK_CAPTURE_AUTORELEASING = YES;
				CLANG_WARN_BOOL_CONVERSION = YES;
				CLANG_WARN_COMMA = YES;
				CLANG_WARN_CONSTANT_CONVERSION = YES;
				CLANG_WARN_DEPRECATED_OBJC_IMPLEMENTATIONS = YES;
				CLANG_WARN_DIRECT_OBJC_ISA_USAGE = YES_ERROR;
				CLANG_WARN_DOCUMENTATION_COMMENTS = YES;
				CLANG_WARN_EMPTY_BODY = YES;
				CLANG_WARN_ENUM_CONVERSION = YES;
				CLANG_WARN_INFINITE_RECURSION = YES;
				CLANG_WARN_INT_CONVERSION = YES;
				CLANG_WARN_NON_LITERAL_NULL_CONVERSION = YES;
				CLANG_WARN_OBJC_IMPLICIT_RETAIN_SELF = YES;
				CLANG_WARN_OBJC_LITERAL_CONVERSION = YES;
				CLANG_WARN_OBJC_ROOT_CLASS = YES_ERROR;
				CLANG_WARN_QUOTED_INCLUDE_IN_FRAMEWORK_HEADER = YES;
				CLANG_WARN_RANGE_LOOP_ANALYSIS = YES;
				CLANG_WARN_STRICT_PROTOTYPES = YES;
				CLANG_WARN_SUSPICIOUS_MOVE = YES;
				CLANG_WARN_UNGUARDED_AVAILABILITY = YES_AGGRESSIVE;
				CLANG_WARN_UNREACHABLE_CODE = YES;
				CLANG_WARN__DUPLICATE_METHOD_MATCH = YES;
				COPY_PHASE_STRIP = NO;
				DEBUG_INFORMATION_FORMAT = "dwarf-with-dsym";
				ENABLE_NS_ASSERTIONS = NO;
				ENABLE_STRICT_OBJC_MSGSEND = YES;
				GCC_C_LANGUAGE_STANDARD = gnu11;
				GCC_NO_COMMON_BLOCKS = YES;
				GCC_WARN_64_TO_32_BIT_CONVERSION = YES;
				GCC_WARN_ABOUT_RETURN_TYPE = YES_ERROR;
				GCC_WARN_UNDECLARED_SELECTOR = YES;
				GCC_WARN_UNINITIALIZED_AUTOS = YES_AGGRESSIVE;
				GCC_WARN_UNUSED_FUNCTION = YES;
				GCC_WARN_UNUSED_VARIABLE = YES;
				IPHONEOS_DEPLOYMENT_TARGET = 15.2;
				MTL_ENABLE_DEBUG_INFO = NO;
				MTL_FAST_MATH = YES;
				SDKROOT = iphoneos;
				SWIFT_COMPILATION_MODE = wholemodule;
				SWIFT_OPTIMIZATION_LEVEL = "-O";
				VALIDATE_PRODUCT = YES;
			};
			name = Release;
		};
		A82AE2BA27A037C100446E17 /* Debug */ = {
			isa = XCBuildConfiguration;
			buildSettings = {
				ASSETCATALOG_COMPILER_APPICON_NAME = AppIcon;
				ASSETCATALOG_COMPILER_GLOBAL_ACCENT_COLOR_NAME = AccentColor;
				CODE_SIGN_STYLE = Automatic;
				CURRENT_PROJECT_VERSION = 1;
				GENERATE_INFOPLIST_FILE = YES;
				INFOPLIST_FILE = Project1/Info.plist;
				INFOPLIST_KEY_UIApplicationSupportsIndirectInputEvents = YES;
				INFOPLIST_KEY_UILaunchStoryboardName = LaunchScreen;
				INFOPLIST_KEY_UIMainStoryboardFile = Main;
				INFOPLIST_KEY_UISupportedInterfaceOrientations_iPad = "UIInterfaceOrientationPortrait UIInterfaceOrientationPortraitUpsideDown UIInterfaceOrientationLandscapeLeft UIInterfaceOrientationLandscapeRight";
				INFOPLIST_KEY_UISupportedInterfaceOrientations_iPhone = "UIInterfaceOrientationPortrait UIInterfaceOrientationLandscapeLeft UIInterfaceOrientationLandscapeRight";
				LD_RUNPATH_SEARCH_PATHS = (
					"$(inherited)",
					"@executable_path/Frameworks",
				);
				MARKETING_VERSION = 1.0;
				PRODUCT_BUNDLE_IDENTIFIER = mucahiterenozkur.Project1;
				PRODUCT_NAME = "$(TARGET_NAME)";
				SWIFT_EMIT_LOC_STRINGS = YES;
				SWIFT_VERSION = 5.0;
				TARGETED_DEVICE_FAMILY = "1,2";
			};
			name = Debug;
		};
		A82AE2BB27A037C100446E17 /* Release */ = {
			isa = XCBuildConfiguration;
			buildSettings = {
				ASSETCATALOG_COMPILER_APPICON_NAME = AppIcon;
				ASSETCATALOG_COMPILER_GLOBAL_ACCENT_COLOR_NAME = AccentColor;
				CODE_SIGN_STYLE = Automatic;
				CURRENT_PROJECT_VERSION = 1;
				GENERATE_INFOPLIST_FILE = YES;
				INFOPLIST_FILE = Project1/Info.plist;
				INFOPLIST_KEY_UIApplicationSupportsIndirectInputEvents = YES;
				INFOPLIST_KEY_UILaunchStoryboardName = LaunchScreen;
				INFOPLIST_KEY_UIMainStoryboardFile = Main;
				INFOPLIST_KEY_UISupportedInterfaceOrientations_iPad = "UIInterfaceOrientationPortrait UIInterfaceOrientationPortraitUpsideDown UIInterfaceOrientationLandscapeLeft UIInterfaceOrientationLandscapeRight";
				INFOPLIST_KEY_UISupportedInterfaceOrientations_iPhone = "UIInterfaceOrientationPortrait UIInterfaceOrientationLandscapeLeft UIInterfaceOrientationLandscapeRight";
				LD_RUNPATH_SEARCH_PATHS = (
					"$(inherited)",
					"@executable_path/Frameworks",
				);
				MARKETING_VERSION = 1.0;
				PRODUCT_BUNDLE_IDENTIFIER = mucahiterenozkur.Project1;
				PRODUCT_NAME = "$(TARGET_NAME)";
				SWIFT_EMIT_LOC_STRINGS = YES;
				SWIFT_VERSION = 5.0;
				TARGETED_DEVICE_FAMILY = "1,2";
			};
			name = Release;
		};
/* End XCBuildConfiguration section */

/* Begin XCConfigurationList section */
		A82AE2A027A037C000446E17 /* Build configuration list for PBXProject "Project1" */ = {
			isa = XCConfigurationList;
			buildConfigurations = (
				A82AE2B727A037C100446E17 /* Debug */,
				A82AE2B827A037C100446E17 /* Release */,
			);
			defaultConfigurationIsVisible = 0;
			defaultConfigurationName = Release;
		};
		A82AE2B927A037C100446E17 /* Build configuration list for PBXNativeTarget "Project1" */ = {
			isa = XCConfigurationList;
			buildConfigurations = (
				A82AE2BA27A037C100446E17 /* Debug */,
				A82AE2BB27A037C100446E17 /* Release */,
			);
			defaultConfigurationIsVisible = 0;
			defaultConfigurationName = Release;
		};
/* End XCConfigurationList section */
	};
	rootObject = A82AE29D27A037C000446E17 /* Project object */;
}
